
Microsoft Visual Studio Solution File, Format Version 12.00
# Visual Studio Version 16
VisualStudioVersion = 16.0.30517.126
MinimumVisualStudioVersion = 10.0.40219.1
Project("{2150E333-8FDC-42A3-9474-1A3956D46DE8}") = "Presentation", "Presentation", "{EB1722EC-FD51-42DD-B232-481CADAA0DC5}"
	ProjectSection(SolutionItems) = preProject
		Class1.cs = Class1.cs
	EndProjectSection
EndProject
Project("{2150E333-8FDC-42A3-9474-1A3956D46DE8}") = "Library", "Library", "{B9474432-4973-40F0-97D7-D7B71AA14430}"
EndProject
Project("{2150E333-8FDC-42A3-9474-1A3956D46DE8}") = "Testing", "Testing", "{FC3BE7A5-9542-4709-BFD9-2CCC551D68DC}"
EndProject
Project("{FAE04EC0-301F-11D3-BF4B-00C04F79EFBC}") = "GestDepClassLibrary", "ClassLibrary\GestDepClassLibrary.csproj", "{D16E154A-BA1D-41C3-829E-1BA3197F17BD}"
EndProject
Project("{2150E333-8FDC-42A3-9474-1A3956D46DE8}") = "Lab1", "Lab1", "{80B2C181-318B-4842-9A64-4F54CE1D2A4A}"
EndProject
Project("{FAE04EC0-301F-11D3-BF4B-00C04F79EFBC}") = "HelloWorldApp", "HelloWorldApp\HelloWorldApp.csproj", "{3F813873-3762-45FE-82E2-EEE74D8EFA80}"
EndProject
Project("{2150E333-8FDC-42A3-9474-1A3956D46DE8}") = "Lab2", "Lab2", "{6A1B4F66-C6FE-4053-819D-3D4BE3115916}"
EndProject
Project("{9A19103F-16F7-4668-BE54-9A1E7A4F7556}") = "Pruebas", "Pruebas\Pruebas.csproj", "{5C20B30F-0D20-47A5-8160-A9820F21493B}"
EndProject
Project("{2150E333-8FDC-42A3-9474-1A3956D46DE8}") = "Lab3", "Lab3", "{D606E389-4D44-4367-A0F8-2420EB4038AE}"
EndProject
Project("{FAE04EC0-301F-11D3-BF4B-00C04F79EFBC}") = "DBTest", "DBTest\DBTest.csproj", "{75963812-5EA6-4443-B876-E8C0EE510C36}"
EndProject
Project("{FAE04EC0-301F-11D3-BF4B-00C04F79EFBC}") = "BusinessLogicTestApp", "BusinessLogicTestApp\BusinessLogicTestApp.csproj", "{9475841E-D1CE-4CB9-BE50-1B184E237DB3}"
EndProject
Project("{2150E333-8FDC-42A3-9474-1A3956D46DE8}") = "BusinessLogicTest", "BusinessLogicTest", "{D78A3A62-E676-48A8-A3AF-1C27A01C397A}"
EndProject
Project("{FAE04EC0-301F-11D3-BF4B-00C04F79EFBC}") = "GestDep.GUI", "GestDep.GUI\GestDep.GUI.csproj", "{DFC8700D-B974-4351-AB46-02BF21260E30}"
EndProject
Global
	GlobalSection(SolutionConfigurationPlatforms) = preSolution
		Debug|Any CPU = Debug|Any CPU
		Release|Any CPU = Release|Any CPU
	EndGlobalSection
	GlobalSection(ProjectConfigurationPlatforms) = postSolution
		{D16E154A-BA1D-41C3-829E-1BA3197F17BD}.Debug|Any CPU.ActiveCfg = Debug|Any CPU
		{D16E154A-BA1D-41C3-829E-1BA3197F17BD}.Debug|Any CPU.Build.0 = Debug|Any CPU
		{D16E154A-BA1D-41C3-829E-1BA3197F17BD}.Release|Any CPU.ActiveCfg = Release|Any CPU
		{D16E154A-BA1D-41C3-829E-1BA3197F17BD}.Release|Any CPU.Build.0 = Release|Any CPU
		{3F813873-3762-45FE-82E2-EEE74D8EFA80}.Debug|Any CPU.ActiveCfg = Debug|Any CPU
		{3F813873-3762-45FE-82E2-EEE74D8EFA80}.Debug|Any CPU.Build.0 = Debug|Any CPU
		{3F813873-3762-45FE-82E2-EEE74D8EFA80}.Release|Any CPU.ActiveCfg = Release|Any CPU
		{3F813873-3762-45FE-82E2-EEE74D8EFA80}.Release|Any CPU.Build.0 = Release|Any CPU
		{5C20B30F-0D20-47A5-8160-A9820F21493B}.Debug|Any CPU.ActiveCfg = Debug|Any CPU
		{5C20B30F-0D20-47A5-8160-A9820F21493B}.Debug|Any CPU.Build.0 = Debug|Any CPU
		{5C20B30F-0D20-47A5-8160-A9820F21493B}.Release|Any CPU.ActiveCfg = Release|Any CPU
		{5C20B30F-0D20-47A5-8160-A9820F21493B}.Release|Any CPU.Build.0 = Release|Any CPU
		{75963812-5EA6-4443-B876-E8C0EE510C36}.Debug|Any CPU.ActiveCfg = Debug|Any CPU
		{75963812-5EA6-4443-B876-E8C0EE510C36}.Debug|Any CPU.Build.0 = Debug|Any CPU
		{75963812-5EA6-4443-B876-E8C0EE510C36}.Release|Any CPU.ActiveCfg = Release|Any CPU
		{75963812-5EA6-4443-B876-E8C0EE510C36}.Release|Any CPU.Build.0 = Release|Any CPU
		{9475841E-D1CE-4CB9-BE50-1B184E237DB3}.Debug|Any CPU.ActiveCfg = Debug|Any CPU
		{9475841E-D1CE-4CB9-BE50-1B184E237DB3}.Debug|Any CPU.Build.0 = Debug|Any CPU
		{9475841E-D1CE-4CB9-BE50-1B184E237DB3}.Release|Any CPU.ActiveCfg = Release|Any CPU
		{9475841E-D1CE-4CB9-BE50-1B184E237DB3}.Release|Any CPU.Build.0 = Release|Any CPU
		{DFC8700D-B974-4351-AB46-02BF21260E30}.Debug|Any CPU.ActiveCfg = Debug|Any CPU
		{DFC8700D-B974-4351-AB46-02BF21260E30}.Debug|Any CPU.Build.0 = Debug|Any CPU
		{DFC8700D-B974-4351-AB46-02BF21260E30}.Release|Any CPU.ActiveCfg = Release|Any CPU
		{DFC8700D-B974-4351-AB46-02BF21260E30}.Release|Any CPU.Build.0 = Release|Any CPU
	EndGlobalSection
	GlobalSection(SolutionProperties) = preSolution
		HideSolutionNode = FALSE
	EndGlobalSection
	GlobalSection(NestedProjects) = preSolution
		{D16E154A-BA1D-41C3-829E-1BA3197F17BD} = {B9474432-4973-40F0-97D7-D7B71AA14430}
		{80B2C181-318B-4842-9A64-4F54CE1D2A4A} = {FC3BE7A5-9542-4709-BFD9-2CCC551D68DC}
		{3F813873-3762-45FE-82E2-EEE74D8EFA80} = {80B2C181-318B-4842-9A64-4F54CE1D2A4A}
		{6A1B4F66-C6FE-4053-819D-3D4BE3115916} = {FC3BE7A5-9542-4709-BFD9-2CCC551D68DC}
		{5C20B30F-0D20-47A5-8160-A9820F21493B} = {6A1B4F66-C6FE-4053-819D-3D4BE3115916}
		{D606E389-4D44-4367-A0F8-2420EB4038AE} = {FC3BE7A5-9542-4709-BFD9-2CCC551D68DC}
		{75963812-5EA6-4443-B876-E8C0EE510C36} = {D606E389-4D44-4367-A0F8-2420EB4038AE}
		{9475841E-D1CE-4CB9-BE50-1B184E237DB3} = {D78A3A62-E676-48A8-A3AF-1C27A01C397A}
		{D78A3A62-E676-48A8-A3AF-1C27A01C397A} = {FC3BE7A5-9542-4709-BFD9-2CCC551D68DC}
	EndGlobalSection
	GlobalSection(ExtensibilityGlobals) = postSolution
		SolutionGuid = {6957886E-1F3A-46CC-AF86-13271E7E6C2C}
	EndGlobalSection
EndGlobal
